// !$*UTF8*$!
{
	archiveVersion = 1;
	classes = {
	};
	objectVersion = 50;
	objects = {

/* Begin PBXBuildFile section */
		0E2797D224691DC20069C5CA /* AppDelegate.swift in Sources */ = {isa = PBXBuildFile; fileRef = 0E2797D124691DC20069C5CA /* AppDelegate.swift */; };
		0E2797D424691DC20069C5CA /* SceneDelegate.swift in Sources */ = {isa = PBXBuildFile; fileRef = 0E2797D324691DC20069C5CA /* SceneDelegate.swift */; };
		0E2797D624691DC20069C5CA /* ViewController.swift in Sources */ = {isa = PBXBuildFile; fileRef = 0E2797D524691DC20069C5CA /* ViewController.swift */; };
		0E2797D924691DC20069C5CA /* Main.storyboard in Resources */ = {isa = PBXBuildFile; fileRef = 0E2797D724691DC20069C5CA /* Main.storyboard */; };
		0E2797DB24691DC30069C5CA /* Assets.xcassets in Resources */ = {isa = PBXBuildFile; fileRef = 0E2797DA24691DC30069C5CA /* Assets.xcassets */; };
		0E2797DE24691DC30069C5CA /* LaunchScreen.storyboard in Resources */ = {isa = PBXBuildFile; fileRef = 0E2797DC24691DC30069C5CA /* LaunchScreen.storyboard */; };
		0E2797E924691DC30069C5CA /* OriginalUIAlertControllerTests.swift in Sources */ = {isa = PBXBuildFile; fileRef = 0E2797E824691DC30069C5CA /* OriginalUIAlertControllerTests.swift */; };
		0E2797F424691DC30069C5CA /* OriginalUIAlertControllerUITests.swift in Sources */ = {isa = PBXBuildFile; fileRef = 0E2797F324691DC30069C5CA /* OriginalUIAlertControllerUITests.swift */; };
		0E27980224692A040069C5CA /* DialogAnimation.swift in Sources */ = {isa = PBXBuildFile; fileRef = 0E27980124692A040069C5CA /* DialogAnimation.swift */; };
/* End PBXBuildFile section */

/* Begin PBXContainerItemProxy section */
		0E2797E524691DC30069C5CA /* PBXContainerItemProxy */ = {
			isa = PBXContainerItemProxy;
			containerPortal = 0E2797C624691DC20069C5CA /* Project object */;
			proxyType = 1;
			remoteGlobalIDString = 0E2797CD24691DC20069C5CA;
			remoteInfo = OriginalUIAlertController;
		};
		0E2797F024691DC30069C5CA /* PBXContainerItemProxy */ = {
			isa = PBXContainerItemProxy;
			containerPortal = 0E2797C624691DC20069C5CA /* Project object */;
			proxyType = 1;
			remoteGlobalIDString = 0E2797CD24691DC20069C5CA;
			remoteInfo = OriginalUIAlertController;
		};
/* End PBXContainerItemProxy section */

/* Begin PBXFileReference section */
		0E2797CE24691DC20069C5CA /* OriginalUIAlertController.app */ = {isa = PBXFileReference; explicitFileType = wrapper.application; includeInIndex = 0; path = OriginalUIAlertController.app; sourceTree = BUILT_PRODUCTS_DIR; };
		0E2797D124691DC20069C5CA /* AppDelegate.swift */ = {isa = PBXFileReference; lastKnownFileType = sourcecode.swift; path = AppDelegate.swift; sourceTree = "<group>"; };
		0E2797D324691DC20069C5CA /* SceneDelegate.swift */ = {isa = PBXFileReference; lastKnownFileType = sourcecode.swift; path = SceneDelegate.swift; sourceTree = "<group>"; };
		0E2797D524691DC20069C5CA /* ViewController.swift */ = {isa = PBXFileReference; lastKnownFileType = sourcecode.swift; path = ViewController.swift; sourceTree = "<group>"; };
		0E2797D824691DC20069C5CA /* Base */ = {isa = PBXFileReference; lastKnownFileType = file.storyboard; name = Base; path = Base.lproj/Main.storyboard; sourceTree = "<group>"; };
		0E2797DA24691DC30069C5CA /* Assets.xcassets */ = {isa = PBXFileReference; lastKnownFileType = folder.assetcatalog; path = Assets.xcassets; sourceTree = "<group>"; };
		0E2797DD24691DC30069C5CA /* Base */ = {isa = PBXFileReference; lastKnownFileType = file.storyboard; name = Base; path = Base.lproj/LaunchScreen.storyboard; sourceTree = "<group>"; };
		0E2797DF24691DC30069C5CA /* Info.plist */ = {isa = PBXFileReference; lastKnownFileType = text.plist.xml; path = Info.plist; sourceTree = "<group>"; };
		0E2797E424691DC30069C5CA /* OriginalUIAlertControllerTests.xctest */ = {isa = PBXFileReference; explicitFileType = wrapper.cfbundle; includeInIndex = 0; path = OriginalUIAlertControllerTests.xctest; sourceTree = BUILT_PRODUCTS_DIR; };
		0E2797E824691DC30069C5CA /* OriginalUIAlertControllerTests.swift */ = {isa = PBXFileReference; lastKnownFileType = sourcecode.swift; path = OriginalUIAlertControllerTests.swift; sourceTree = "<group>"; };
		0E2797EA24691DC30069C5CA /* Info.plist */ = {isa = PBXFileReference; lastKnownFileType = text.plist.xml; path = Info.plist; sourceTree = "<group>"; };
		0E2797EF24691DC30069C5CA /* OriginalUIAlertControllerUITests.xctest */ = {isa = PBXFileReference; explicitFileType = wrapper.cfbundle; includeInIndex = 0; path = OriginalUIAlertControllerUITests.xctest; sourceTree = BUILT_PRODUCTS_DIR; };
		0E2797F324691DC30069C5CA /* OriginalUIAlertControllerUITests.swift */ = {isa = PBXFileReference; lastKnownFileType = sourcecode.swift; path = OriginalUIAlertControllerUITests.swift; sourceTree = "<group>"; };
		0E2797F524691DC30069C5CA /* Info.plist */ = {isa = PBXFileReference; lastKnownFileType = text.plist.xml; path = Info.plist; sourceTree = "<group>"; };
		0E27980124692A040069C5CA /* DialogAnimation.swift */ = {isa = PBXFileReference; lastKnownFileType = sourcecode.swift; path = DialogAnimation.swift; sourceTree = "<group>"; };
/* End PBXFileReference section */

/* Begin PBXFrameworksBuildPhase section */
		0E2797CB24691DC20069C5CA /* Frameworks */ = {
			isa = PBXFrameworksBuildPhase;
			buildActionMask = 2147483647;
			files = (
			);
			runOnlyForDeploymentPostprocessing = 0;
		};
		0E2797E124691DC30069C5CA /* Frameworks */ = {
			isa = PBXFrameworksBuildPhase;
			buildActionMask = 2147483647;
			files = (
			);
			runOnlyForDeploymentPostprocessing = 0;
		};
		0E2797EC24691DC30069C5CA /* Frameworks */ = {
			isa = PBXFrameworksBuildPhase;
			buildActionMask = 2147483647;
			files = (
			);
			runOnlyForDeploymentPostprocessing = 0;
		};
/* End PBXFrameworksBuildPhase section */

/* Begin PBXGroup section */
		0E2797C524691DC20069C5CA = {
			isa = PBXGroup;
			children = (
				0E2797D024691DC20069C5CA /* OriginalUIAlertController */,
				0E2797E724691DC30069C5CA /* OriginalUIAlertControllerTests */,
				0E2797F224691DC30069C5CA /* OriginalUIAlertControllerUITests */,
				0E2797CF24691DC20069C5CA /* Products */,
			);
			sourceTree = "<group>";
		};
		0E2797CF24691DC20069C5CA /* Products */ = {
			isa = PBXGroup;
			children = (
				0E2797CE24691DC20069C5CA /* OriginalUIAlertController.app */,
				0E2797E424691DC30069C5CA /* OriginalUIAlertControllerTests.xctest */,
				0E2797EF24691DC30069C5CA /* OriginalUIAlertControllerUITests.xctest */,
			);
			name = Products;
			sourceTree = "<group>";
		};
		0E2797D024691DC20069C5CA /* OriginalUIAlertController */ = {
			isa = PBXGroup;
			children = (
				0E2797D124691DC20069C5CA /* AppDelegate.swift */,
				0E2797D324691DC20069C5CA /* SceneDelegate.swift */,
				0E27980124692A040069C5CA /* DialogAnimation.swift */,
				0E2797D524691DC20069C5CA /* ViewController.swift */,
				0E2797D724691DC20069C5CA /* Main.storyboard */,
				0E2797DA24691DC30069C5CA /* Assets.xcassets */,
				0E2797DC24691DC30069C5CA /* LaunchScreen.storyboard */,
				0E2797DF24691DC30069C5CA /* Info.plist */,
			);
			path = OriginalUIAlertController;
			sourceTree = "<group>";
		};
		0E2797E724691DC30069C5CA /* OriginalUIAlertControllerTests */ = {
			isa = PBXGroup;
			children = (
				0E2797E824691DC30069C5CA /* OriginalUIAlertControllerTests.swift */,
				0E2797EA24691DC30069C5CA /* Info.plist */,
			);
			path = OriginalUIAlertControllerTests;
			sourceTree = "<group>";
		};
		0E2797F224691DC30069C5CA /* OriginalUIAlertControllerUITests */ = {
			isa = PBXGroup;
			children = (
				0E2797F324691DC30069C5CA /* OriginalUIAlertControllerUITests.swift */,
				0E2797F524691DC30069C5CA /* Info.plist */,
			);
			path = OriginalUIAlertControllerUITests;
			sourceTree = "<group>";
		};
/* End PBXGroup section */

/* Begin PBXNativeTarget section */
		0E2797CD24691DC20069C5CA /* OriginalUIAlertController */ = {
			isa = PBXNativeTarget;
			buildConfigurationList = 0E2797F824691DC30069C5CA /* Build configuration list for PBXNativeTarget "OriginalUIAlertController" */;
			buildPhases = (
				0E2797CA24691DC20069C5CA /* Sources */,
				0E2797CB24691DC20069C5CA /* Frameworks */,
				0E2797CC24691DC20069C5CA /* Resources */,
			);
			buildRules = (
			);
			dependencies = (
			);
			name = OriginalUIAlertController;
			productName = OriginalUIAlertController;
			productReference = 0E2797CE24691DC20069C5CA /* OriginalUIAlertController.app */;
			productType = "com.apple.product-type.application";
		};
		0E2797E324691DC30069C5CA /* OriginalUIAlertControllerTests */ = {
			isa = PBXNativeTarget;
			buildConfigurationList = 0E2797FB24691DC30069C5CA /* Build configuration list for PBXNativeTarget "OriginalUIAlertControllerTests" */;
			buildPhases = (
				0E2797E024691DC30069C5CA /* Sources */,
				0E2797E124691DC30069C5CA /* Frameworks */,
				0E2797E224691DC30069C5CA /* Resources */,
			);
			buildRules = (
			);
			dependencies = (
				0E2797E624691DC30069C5CA /* PBXTargetDependency */,
			);
			name = OriginalUIAlertControllerTests;
			productName = OriginalUIAlertControllerTests;
			productReference = 0E2797E424691DC30069C5CA /* OriginalUIAlertControllerTests.xctest */;
			productType = "com.apple.product-type.bundle.unit-test";
		};
		0E2797EE24691DC30069C5CA /* OriginalUIAlertControllerUITests */ = {
			isa = PBXNativeTarget;
			buildConfigurationList = 0E2797FE24691DC30069C5CA /* Build configuration list for PBXNativeTarget "OriginalUIAlertControllerUITests" */;
			buildPhases = (
				0E2797EB24691DC30069C5CA /* Sources */,
				0E2797EC24691DC30069C5CA /* Frameworks */,
				0E2797ED24691DC30069C5CA /* Resources */,
			);
			buildRules = (
			);
			dependencies = (
				0E2797F124691DC30069C5CA /* PBXTargetDependency */,
			);
			name = OriginalUIAlertControllerUITests;
			productName = OriginalUIAlertControllerUITests;
			productReference = 0E2797EF24691DC30069C5CA /* OriginalUIAlertControllerUITests.xctest */;
			productType = "com.apple.product-type.bundle.ui-testing";
		};
/* End PBXNativeTarget section */

/* Begin PBXProject section */
		0E2797C624691DC20069C5CA /* Project object */ = {
			isa = PBXProject;
			attributes = {
				LastSwiftUpdateCheck = 1140;
				LastUpgradeCheck = 1140;
				ORGANIZATIONNAME = "Sousuke Ikemoto";
				TargetAttributes = {
					0E2797CD24691DC20069C5CA = {
						CreatedOnToolsVersion = 11.4.1;
					};
					0E2797E324691DC30069C5CA = {
						CreatedOnToolsVersion = 11.4.1;
						TestTargetID = 0E2797CD24691DC20069C5CA;
					};
					0E2797EE24691DC30069C5CA = {
						CreatedOnToolsVersion = 11.4.1;
						TestTargetID = 0E2797CD24691DC20069C5CA;
					};
				};
			};
			buildConfigurationList = 0E2797C924691DC20069C5CA /* Build configuration list for PBXProject "OriginalUIAlertController" */;
			compatibilityVersion = "Xcode 9.3";
			developmentRegion = en;
			hasScannedForEncodings = 0;
			knownRegions = (
				en,
				Base,
			);
			mainGroup = 0E2797C524691DC20069C5CA;
			productRefGroup = 0E2797CF24691DC20069C5CA /* Products */;
			projectDirPath = "";
			projectRoot = "";
			targets = (
				0E2797CD24691DC20069C5CA /* OriginalUIAlertController */,
				0E2797E324691DC30069C5CA /* OriginalUIAlertControllerTests */,
				0E2797EE24691DC30069C5CA /* OriginalUIAlertControllerUITests */,
			);
		};
/* End PBXProject section */

/* Begin PBXResourcesBuildPhase section */
		0E2797CC24691DC20069C5CA /* Resources */ = {
			isa = PBXResourcesBuildPhase;
			buildActionMask = 2147483647;
			files = (
				0E2797DE24691DC30069C5CA /* LaunchScreen.storyboard in Resources */,
				0E2797DB24691DC30069C5CA /* Assets.xcassets in Resources */,
				0E2797D924691DC20069C5CA /* Main.storyboard in Resources */,
			);
			runOnlyForDeploymentPostprocessing = 0;
		};
		0E2797E224691DC30069C5CA /* Resources */ = {
			isa = PBXResourcesBuildPhase;
			buildActionMask = 2147483647;
			files = (
			);
			runOnlyForDeploymentPostprocessing = 0;
		};
		0E2797ED24691DC30069C5CA /* Resources */ = {
			isa = PBXResourcesBuildPhase;
			buildActionMask = 2147483647;
			files = (
			);
			runOnlyForDeploymentPostprocessing = 0;
		};
/* End PBXResourcesBuildPhase section */

/* Begin PBXSourcesBuildPhase section */
		0E2797CA24691DC20069C5CA /* Sources */ = {
			isa = PBXSourcesBuildPhase;
			buildActionMask = 2147483647;
			files = (
				0E27980224692A040069C5CA /* DialogAnimation.swift in Sources */,
				0E2797D624691DC20069C5CA /* ViewController.swift in Sources */,
				0E2797D224691DC20069C5CA /* AppDelegate.swift in Sources */,
				0E2797D424691DC20069C5CA /* SceneDelegate.swift in Sources */,
			);
			runOnlyForDeploymentPostprocessing = 0;
		};
		0E2797E024691DC30069C5CA /* Sources */ = {
			isa = PBXSourcesBuildPhase;
			buildActionMask = 2147483647;
			files = (
				0E2797E924691DC30069C5CA /* OriginalUIAlertControllerTests.swift in Sources */,
			);
			runOnlyForDeploymentPostprocessing = 0;
		};
		0E2797EB24691DC30069C5CA /* Sources */ = {
			isa = PBXSourcesBuildPhase;
			buildActionMask = 2147483647;
			files = (
				0E2797F424691DC30069C5CA /* OriginalUIAlertControllerUITests.swift in Sources */,
			);
			runOnlyForDeploymentPostprocessing = 0;
		};
/* End PBXSourcesBuildPhase section */

/* Begin PBXTargetDependency section */
		0E2797E624691DC30069C5CA /* PBXTargetDependency */ = {
			isa = PBXTargetDependency;
			target = 0E2797CD24691DC20069C5CA /* OriginalUIAlertController */;
			targetProxy = 0E2797E524691DC30069C5CA /* PBXContainerItemProxy */;
		};
		0E2797F124691DC30069C5CA /* PBXTargetDependency */ = {
			isa = PBXTargetDependency;
			target = 0E2797CD24691DC20069C5CA /* OriginalUIAlertController */;
			targetProxy = 0E2797F024691DC30069C5CA /* PBXContainerItemProxy */;
		};
/* End PBXTargetDependency section */

/* Begin PBXVariantGroup section */
		0E2797D724691DC20069C5CA /* Main.storyboard */ = {
			isa = PBXVariantGroup;
			children = (
				0E2797D824691DC20069C5CA /* Base */,
			);
			name = Main.storyboard;
			sourceTree = "<group>";
		};
		0E2797DC24691DC30069C5CA /* LaunchScreen.storyboard */ = {
			isa = PBXVariantGroup;
			children = (
				0E2797DD24691DC30069C5CA /* Base */,
			);
			name = LaunchScreen.storyboard;
			sourceTree = "<group>";
		};
/* End PBXVariantGroup section */

/* Begin XCBuildConfiguration section */
		0E2797F624691DC30069C5CA /* Debug */ = {
			isa = XCBuildConfiguration;
			buildSettings = {
				ALWAYS_SEARCH_USER_PATHS = NO;
				CLANG_ANALYZER_NONNULL = YES;
				CLANG_ANALYZER_NUMBER_OBJECT_CONVERSION = YES_AGGRESSIVE;
				CLANG_CXX_LANGUAGE_STANDARD = "gnu++14";
				CLANG_CXX_LIBRARY = "libc++";
				CLANG_ENABLE_MODULES = YES;
				CLANG_ENABLE_OBJC_ARC = YES;
				CLANG_ENABLE_OBJC_WEAK = YES;
				CLANG_WARN_BLOCK_CAPTURE_AUTORELEASING = YES;
				CLANG_WARN_BOOL_CONVERSION = YES;
				CLANG_WARN_COMMA = YES;
				CLANG_WARN_CONSTANT_CONVERSION = YES;
				CLANG_WARN_DEPRECATED_OBJC_IMPLEMENTATIONS = YES;
				CLANG_WARN_DIRECT_OBJC_ISA_USAGE = YES_ERROR;
				CLANG_WARN_DOCUMENTATION_COMMENTS = YES;
				CLANG_WARN_EMPTY_BODY = YES;
				CLANG_WARN_ENUM_CONVERSION = YES;
				CLANG_WARN_INFINITE_RECURSION = YES;
				CLANG_WARN_INT_CONVERSION = YES;
				CLANG_WARN_NON_LITERAL_NULL_CONVERSION = YES;
				CLANG_WARN_OBJC_IMPLICIT_RETAIN_SELF = YES;
				CLANG_WARN_OBJC_LITERAL_CONVERSION = YES;
				CLANG_WARN_OBJC_ROOT_CLASS = YES_ERROR;
				CLANG_WARN_RANGE_LOOP_ANALYSIS = YES;
				CLANG_WARN_STRICT_PROTOTYPES = YES;
				CLANG_WARN_SUSPICIOUS_MOVE = YES;
				CLANG_WARN_UNGUARDED_AVAILABILITY = YES_AGGRESSIVE;
				CLANG_WARN_UNREACHABLE_CODE = YES;
				CLANG_WARN__DUPLICATE_METHOD_MATCH = YES;
				COPY_PHASE_STRIP = NO;
				DEBUG_INFORMATION_FORMAT = dwarf;
				ENABLE_STRICT_OBJC_MSGSEND = YES;
				ENABLE_TESTABILITY = YES;
				GCC_C_LANGUAGE_STANDARD = gnu11;
				GCC_DYNAMIC_NO_PIC = NO;
				GCC_NO_COMMON_BLOCKS = YES;
				GCC_OPTIMIZATION_LEVEL = 0;
				GCC_PREPROCESSOR_DEFINITIONS = (
					"DEBUG=1",
					"$(inherited)",
				);
				GCC_WARN_64_TO_32_BIT_CONVERSION = YES;
				GCC_WARN_ABOUT_RETURN_TYPE = YES_ERROR;
				GCC_WARN_UNDECLARED_SELECTOR = YES;
				GCC_WARN_UNINITIALIZED_AUTOS = YES_AGGRESSIVE;
				GCC_WARN_UNUSED_FUNCTION = YES;
				GCC_WARN_UNUSED_VARIABLE = YES;
				IPHONEOS_DEPLOYMENT_TARGET = 13.4;
				MTL_ENABLE_DEBUG_INFO = INCLUDE_SOURCE;
				MTL_FAST_MATH = YES;
				ONLY_ACTIVE_ARCH = YES;
				SDKROOT = iphoneos;
				SWIFT_ACTIVE_COMPILATION_CONDITIONS = DEBUG;
				SWIFT_OPTIMIZATION_LEVEL = "-Onone";
			};
			name = Debug;
		};
		0E2797F724691DC30069C5CA /* Release */ = {
			isa = XCBuildConfiguration;
			buildSettings = {
				ALWAYS_SEARCH_USER_PATHS = NO;
				CLANG_ANALYZER_NONNULL = YES;
				CLANG_ANALYZER_NUMBER_OBJECT_CONVERSION = YES_AGGRESSIVE;
				CLANG_CXX_LANGUAGE_STANDARD = "gnu++14";
				CLANG_CXX_LIBRARY = "libc++";
				CLANG_ENABLE_MODULES = YES;
				CLANG_ENABLE_OBJC_ARC = YES;
				CLANG_ENABLE_OBJC_WEAK = YES;
				CLANG_WARN_BLOCK_CAPTURE_AUTORELEASING = YES;
				CLANG_WARN_BOOL_CONVERSION = YES;
				CLANG_WARN_COMMA = YES;
				CLANG_WARN_CONSTANT_CONVERSION = YES;
				CLANG_WARN_DEPRECATED_OBJC_IMPLEMENTATIONS = YES;
				CLANG_WARN_DIRECT_OBJC_ISA_USAGE = YES_ERROR;
				CLANG_WARN_DOCUMENTATION_COMMENTS = YES;
				CLANG_WARN_EMPTY_BODY = YES;
				CLANG_WARN_ENUM_CONVERSION = YES;
				CLANG_WARN_INFINITE_RECURSION = YES;
				CLANG_WARN_INT_CONVERSION = YES;
				CLANG_WARN_NON_LITERAL_NULL_CONVERSION = YES;
				CLANG_WARN_OBJC_IMPLICIT_RETAIN_SELF = YES;
				CLANG_WARN_OBJC_LITERAL_CONVERSION = YES;
				CLANG_WARN_OBJC_ROOT_CLASS = YES_ERROR;
				CLANG_WARN_RANGE_LOOP_ANALYSIS = YES;
				CLANG_WARN_STRICT_PROTOTYPES = YES;
				CLANG_WARN_SUSPICIOUS_MOVE = YES;
				CLANG_WARN_UNGUARDED_AVAILABILITY = YES_AGGRESSIVE;
				CLANG_WARN_UNREACHABLE_CODE = YES;
				CLANG_WARN__DUPLICATE_METHOD_MATCH = YES;
				COPY_PHASE_STRIP = NO;
				DEBUG_INFORMATION_FORMAT = "dwarf-with-dsym";
				ENABLE_NS_ASSERTIONS = NO;
				ENABLE_STRICT_OBJC_MSGSEND = YES;
				GCC_C_LANGUAGE_STANDARD = gnu11;
				GCC_NO_COMMON_BLOCKS = YES;
				GCC_WARN_64_TO_32_BIT_CONVERSION = YES;
				GCC_WARN_ABOUT_RETURN_TYPE = YES_ERROR;
				GCC_WARN_UNDECLARED_SELECTOR = YES;
				GCC_WARN_UNINITIALIZED_AUTOS = YES_AGGRESSIVE;
				GCC_WARN_UNUSED_FUNCTION = YES;
				GCC_WARN_UNUSED_VARIABLE = YES;
				IPHONEOS_DEPLOYMENT_TARGET = 13.4;
				MTL_ENABLE_DEBUG_INFO = NO;
				MTL_FAST_MATH = YES;
				SDKROOT = iphoneos;
				SWIFT_COMPILATION_MODE = wholemodule;
				SWIFT_OPTIMIZATION_LEVEL = "-O";
				VALIDATE_PRODUCT = YES;
			};
			name = Release;
		};
		0E2797F924691DC30069C5CA /* Debug */ = {
			isa = XCBuildConfiguration;
			buildSettings = {
				ASSETCATALOG_COMPILER_APPICON_NAME = AppIcon;
				CODE_SIGN_STYLE = Automatic;
				INFOPLIST_FILE = OriginalUIAlertController/Info.plist;
				LD_RUNPATH_SEARCH_PATHS = (
					"$(inherited)",
					"@executable_path/Frameworks",
				);
				PRODUCT_BUNDLE_IDENTIFIER = a.OriginalUIAlertController;
				PRODUCT_NAME = "$(TARGET_NAME)";
				SWIFT_VERSION = 5.0;
				TARGETED_DEVICE_FAMILY = "1,2";
			};
			name = Debug;
		};
		0E2797FA24691DC30069C5CA /* Release */ = {
			isa = XCBuildConfiguration;
			buildSettings = {
				ASSETCATALOG_COMPILER_APPICON_NAME = AppIcon;
				CODE_SIGN_STYLE = Automatic;
				INFOPLIST_FILE = OriginalUIAlertController/Info.plist;
				LD_RUNPATH_SEARCH_PATHS = (
					"$(inherited)",
					"@executable_path/Frameworks",
				);
				PRODUCT_BUNDLE_IDENTIFIER = a.OriginalUIAlertController;
				PRODUCT_NAME = "$(TARGET_NAME)";
				SWIFT_VERSION = 5.0;
				TARGETED_DEVICE_FAMILY = "1,2";
			};
			name = Release;
		};
		0E2797FC24691DC30069C5CA /* Debug */ = {
			isa = XCBuildConfiguration;
			buildSettings = {
				ALWAYS_EMBED_SWIFT_STANDARD_LIBRARIES = YES;
				BUNDLE_LOADER = "$(TEST_HOST)";
				CODE_SIGN_STYLE = Automatic;
				INFOPLIST_FILE = OriginalUIAlertControllerTests/Info.plist;
				IPHONEOS_DEPLOYMENT_TARGET = 13.4;
				LD_RUNPATH_SEARCH_PATHS = (
					"$(inherited)",
					"@executable_path/Frameworks",
					"@loader_path/Frameworks",
				);
				PRODUCT_BUNDLE_IDENTIFIER = a.OriginalUIAlertControllerTests;
				PRODUCT_NAME = "$(TARGET_NAME)";
				SWIFT_VERSION = 5.0;
				TARGETED_DEVICE_FAMILY = "1,2";
				TEST_HOST = "$(BUILT_PRODUCTS_DIR)/OriginalUIAlertController.app/OriginalUIAlertController";
			};
			name = Debug;
		};
		0E2797FD24691DC30069C5CA /* Release */ = {
			isa = XCBuildConfiguration;
			buildSettings = {
				ALWAYS_EMBED_SWIFT_STANDARD_LIBRARIES = YES;
				BUNDLE_LOADER = "$(TEST_HOST)";
				CODE_SIGN_STYLE = Automatic;
				INFOPLIST_FILE = OriginalUIAlertControllerTests/Info.plist;
				IPHONEOS_DEPLOYMENT_TARGET = 13.4;
				LD_RUNPATH_SEARCH_PATHS = (
					"$(inherited)",
					"@executable_path/Frameworks",
					"@loader_path/Frameworks",
				);
				PRODUCT_BUNDLE_IDENTIFIER = a.OriginalUIAlertControllerTests;
				PRODUCT_NAME = "$(TARGET_NAME)";
				SWIFT_VERSION = 5.0;
				TARGETED_DEVICE_FAMILY = "1,2";
				TEST_HOST = "$(BUILT_PRODUCTS_DIR)/OriginalUIAlertController.app/OriginalUIAlertController";
			};
			name = Release;
		};
		0E2797FF24691DC30069C5CA /* Debug */ = {
			isa = XCBuildConfiguration;
			buildSettings = {
				ALWAYS_EMBED_SWIFT_STANDARD_LIBRARIES = YES;
				CODE_SIGN_STYLE = Automatic;
				INFOPLIST_FILE = OriginalUIAlertControllerUITests/Info.plist;
				LD_RUNPATH_SEARCH_PATHS = (
					"$(inherited)",
					"@executable_path/Frameworks",
					"@loader_path/Frameworks",
				);
				PRODUCT_BUNDLE_IDENTIFIER = a.OriginalUIAlertControllerUITests;
				PRODUCT_NAME = "$(TARGET_NAME)";
				SWIFT_VERSION = 5.0;
				TARGETED_DEVICE_FAMILY = "1,2";
				TEST_TARGET_NAME = OriginalUIAlertController;
			};
			name = Debug;
		};
		0E27980024691DC30069C5CA /* Release */ = {
			isa = XCBuildConfiguration;
			buildSettings = {
				ALWAYS_EMBED_SWIFT_STANDARD_LIBRARIES = YES;
				CODE_SIGN_STYLE = Automatic;
				INFOPLIST_FILE = OriginalUIAlertControllerUITests/Info.plist;
				LD_RUNPATH_SEARCH_PATHS = (
					"$(inherited)",
					"@executable_path/Frameworks",
					"@loader_path/Frameworks",
				);
				PRODUCT_BUNDLE_IDENTIFIER = a.OriginalUIAlertControllerUITests;
				PRODUCT_NAME = "$(TARGET_NAME)";
				SWIFT_VERSION = 5.0;
				TARGETED_DEVICE_FAMILY = "1,2";
				TEST_TARGET_NAME = OriginalUIAlertController;
			};
			name = Release;
		};
/* End XCBuildConfiguration section */

/* Begin XCConfigurationList section */
		0E2797C924691DC20069C5CA /* Build configuration list for PBXProject "OriginalUIAlertController" */ = {
			isa = XCConfigurationList;
			buildConfigurations = (
				0E2797F624691DC30069C5CA /* Debug */,
				0E2797F724691DC30069C5CA /* Release */,
			);
			defaultConfigurationIsVisible = 0;
			defaultConfigurationName = Release;
		};
		0E2797F824691DC30069C5CA /* Build configuration list for PBXNativeTarget "OriginalUIAlertController" */ = {
			isa = XCConfigurationList;
			buildConfigurations = (
				0E2797F924691DC30069C5CA /* Debug */,
				0E2797FA24691DC30069C5CA /* Release */,
			);
			defaultConfigurationIsVisible = 0;
			defaultConfigurationName = Release;
		};
		0E2797FB24691DC30069C5CA /* Build configuration list for PBXNativeTarget "OriginalUIAlertControllerTests" */ = {
			isa = XCConfigurationList;
			buildConfigurations = (
				0E2797FC24691DC30069C5CA /* Debug */,
				0E2797FD24691DC30069C5CA /* Release */,
			);
			defaultConfigurationIsVisible = 0;
			defaultConfigurationName = Release;
		};
		0E2797FE24691DC30069C5CA /* Build configuration list for PBXNativeTarget "OriginalUIAlertControllerUITests" */ = {
			isa = XCConfigurationList;
			buildConfigurations = (
				0E2797FF24691DC30069C5CA /* Debug */,
				0E27980024691DC30069C5CA /* Release */,
			);
			defaultConfigurationIsVisible = 0;
			defaultConfigurationName = Release;
		};
/* End XCConfigurationList section */
	};
	rootObject = 0E2797C624691DC20069C5CA /* Project object */;
}
